
Microsoft Visual Studio Solution File, Format Version 12.00
# Visual Studio Version 16
VisualStudioVersion = 25.0.1706.7
MinimumVisualStudioVersion = 10.0.40219.1
Project("{FAE04EC0-301F-11D3-BF4B-00C04F79EFBC}") = "SLibrary.Core", "SLibrary.Core.csproj", "{AABC09E8-3E96-4BEC-AE46-B7F66F443B8E}"
EndProject
Global
	GlobalSection(SolutionConfigurationPlatforms) = preSolution
		Debug|Any CPU = Debug|Any CPU
		Release|Any CPU = Release|Any CPU
	EndGlobalSection
	GlobalSection(ProjectConfigurationPlatforms) = postSolution
		{AABC09E8-3E96-4BEC-AE46-B7F66F443B8E}.Debug|Any CPU.ActiveCfg = Debug|Any CPU
		{AABC09E8-3E96-4BEC-AE46-B7F66F443B8E}.Debug|Any CPU.Build.0 = Debug|Any CPU
		{AABC09E8-3E96-4BEC-AE46-B7F66F443B8E}.Release|Any CPU.ActiveCfg = Release|Any CPU
		{AABC09E8-3E96-4BEC-AE46-B7F66F443B8E}.Release|Any CPU.Build.0 = Release|Any CPU
	EndGlobalSection
	GlobalSection(SolutionProperties) = preSolution
		HideSolutionNode = FALSE
	EndGlobalSection
	GlobalSection(ExtensibilityGlobals) = postSolution
		SolutionGuid = {F30E32E9-D9F2-4C87-8674-22EF0A38AD4C}
	EndGlobalSection
EndGlobal
