
Microsoft Visual Studio Solution File, Format Version 12.00
# Visual Studio Version 16
VisualStudioVersion = 25.0.1706.7
MinimumVisualStudioVersion = 10.0.40219.1
Project("{FAE04EC0-301F-11D3-BF4B-00C04F79EFBC}") = "SLibrary.API", "..\SLibrary.API\SLibrary.API.csproj", "{DFF42017-A471-4DB2-8824-1A7755CFC760}"
EndProject
Project("{FAE04EC0-301F-11D3-BF4B-00C04F79EFBC}") = "SLibrary.BusinessLayers", "..\SLibrary.BusinessLayers\SLibrary.BusinessLayers.csproj", "{FDFC797C-7AC7-47E1-B648-375AC0FD2C95}"
EndProject
Project("{FAE04EC0-301F-11D3-BF4B-00C04F79EFBC}") = "SLibrary.Core", "..\SLibrary.Core\SLibrary.Core.csproj", "{7CF40143-25EC-4780-AC3C-6E5D3C57720F}"
EndProject
Project("{FAE04EC0-301F-11D3-BF4B-00C04F79EFBC}") = "SLibrary.DataModel", "..\SLibrary.DataModel\SLibrary.DataModel.csproj", "{68DA3D2F-4629-4C3A-A131-CC74C8FC292A}"
EndProject
Project("{FAE04EC0-301F-11D3-BF4B-00C04F79EFBC}") = "SLibrary.Services", "..\SLibrary.Services\SLibrary.Services.csproj", "{2C95D0E9-7ED2-4859-815E-C42E6B3A2BA6}"
EndProject
Project("{FAE04EC0-301F-11D3-BF4B-00C04F79EFBC}") = "SLibrary.Testing", "..\SLibrary.Testing\SLibrary.Testing.csproj", "{77C17239-56DE-491C-85D8-D1EA5CCE000E}"
EndProject
Global
	GlobalSection(SolutionConfigurationPlatforms) = preSolution
		Debug|Any CPU = Debug|Any CPU
		Release|Any CPU = Release|Any CPU
	EndGlobalSection
	GlobalSection(ProjectConfigurationPlatforms) = postSolution
		{DFF42017-A471-4DB2-8824-1A7755CFC760}.Debug|Any CPU.ActiveCfg = Debug|Any CPU
		{DFF42017-A471-4DB2-8824-1A7755CFC760}.Debug|Any CPU.Build.0 = Debug|Any CPU
		{DFF42017-A471-4DB2-8824-1A7755CFC760}.Release|Any CPU.ActiveCfg = Release|Any CPU
		{DFF42017-A471-4DB2-8824-1A7755CFC760}.Release|Any CPU.Build.0 = Release|Any CPU
		{FDFC797C-7AC7-47E1-B648-375AC0FD2C95}.Debug|Any CPU.ActiveCfg = Debug|Any CPU
		{FDFC797C-7AC7-47E1-B648-375AC0FD2C95}.Debug|Any CPU.Build.0 = Debug|Any CPU
		{FDFC797C-7AC7-47E1-B648-375AC0FD2C95}.Release|Any CPU.ActiveCfg = Release|Any CPU
		{FDFC797C-7AC7-47E1-B648-375AC0FD2C95}.Release|Any CPU.Build.0 = Release|Any CPU
		{7CF40143-25EC-4780-AC3C-6E5D3C57720F}.Debug|Any CPU.ActiveCfg = Debug|Any CPU
		{7CF40143-25EC-4780-AC3C-6E5D3C57720F}.Debug|Any CPU.Build.0 = Debug|Any CPU
		{7CF40143-25EC-4780-AC3C-6E5D3C57720F}.Release|Any CPU.ActiveCfg = Release|Any CPU
		{7CF40143-25EC-4780-AC3C-6E5D3C57720F}.Release|Any CPU.Build.0 = Release|Any CPU
		{68DA3D2F-4629-4C3A-A131-CC74C8FC292A}.Debug|Any CPU.ActiveCfg = Debug|Any CPU
		{68DA3D2F-4629-4C3A-A131-CC74C8FC292A}.Debug|Any CPU.Build.0 = Debug|Any CPU
		{68DA3D2F-4629-4C3A-A131-CC74C8FC292A}.Release|Any CPU.ActiveCfg = Release|Any CPU
		{68DA3D2F-4629-4C3A-A131-CC74C8FC292A}.Release|Any CPU.Build.0 = Release|Any CPU
		{2C95D0E9-7ED2-4859-815E-C42E6B3A2BA6}.Debug|Any CPU.ActiveCfg = Debug|Any CPU
		{2C95D0E9-7ED2-4859-815E-C42E6B3A2BA6}.Debug|Any CPU.Build.0 = Debug|Any CPU
		{2C95D0E9-7ED2-4859-815E-C42E6B3A2BA6}.Release|Any CPU.ActiveCfg = Release|Any CPU
		{2C95D0E9-7ED2-4859-815E-C42E6B3A2BA6}.Release|Any CPU.Build.0 = Release|Any CPU
		{77C17239-56DE-491C-85D8-D1EA5CCE000E}.Debug|Any CPU.ActiveCfg = Debug|Any CPU
		{77C17239-56DE-491C-85D8-D1EA5CCE000E}.Debug|Any CPU.Build.0 = Debug|Any CPU
		{77C17239-56DE-491C-85D8-D1EA5CCE000E}.Release|Any CPU.ActiveCfg = Release|Any CPU
		{77C17239-56DE-491C-85D8-D1EA5CCE000E}.Release|Any CPU.Build.0 = Release|Any CPU
	EndGlobalSection
	GlobalSection(SolutionProperties) = preSolution
		HideSolutionNode = FALSE
	EndGlobalSection
	GlobalSection(ExtensibilityGlobals) = postSolution
		SolutionGuid = {0FE92B79-CAC0-43F3-A7FA-13DF6B3BCF8D}
	EndGlobalSection
	GlobalSection(NestedProjects) = preSolution
	EndGlobalSection
EndGlobal
